
Microsoft Visual Studio Solution File, Format Version 12.00
# Visual Studio Version 17
VisualStudioVersion = 17.6.33723.286
MinimumVisualStudioVersion = 10.0.40219.1
Project("{FAE04EC0-301F-11D3-BF4B-00C04F79EFBC}") = "VBA2CS", "VBA2CS\VBA2CS.csproj", "{6A2A672B-C368-4DCF-89B1-A27E09A78C43}"
EndProject
Global
	GlobalSection(SolutionConfigurationPlatforms) = preSolution
		Debug|Any CPU = Debug|Any CPU
		Release|Any CPU = Release|Any CPU
	EndGlobalSection
	GlobalSection(ProjectConfigurationPlatforms) = postSolution
		{6A2A672B-C368-4DCF-89B1-A27E09A78C43}.Debug|Any CPU.ActiveCfg = Debug|Any CPU
		{6A2A672B-C368-4DCF-89B1-A27E09A78C43}.Debug|Any CPU.Build.0 = Debug|Any CPU
		{6A2A672B-C368-4DCF-89B1-A27E09A78C43}.Release|Any CPU.ActiveCfg = Release|Any CPU
		{6A2A672B-C368-4DCF-89B1-A27E09A78C43}.Release|Any CPU.Build.0 = Release|Any CPU
	EndGlobalSection
	GlobalSection(SolutionProperties) = preSolution
		HideSolutionNode = FALSE
	EndGlobalSection
	GlobalSection(ExtensibilityGlobals) = postSolution
		SolutionGuid = {22399896-29FF-41AF-9584-84BF8D185396}
	EndGlobalSection
EndGlobal
